<?xml version="1.0" encoding="utf-8"?>
<Project ToolsVersion="4.0" xmlns="http://schemas.microsoft.com/developer/msbuild/2003">
  <ItemGroup>
    <Filter Include="源文件">
      <UniqueIdentifier>{4FC737F1-C7A5-4376-A066-2A32D752A2FF}</UniqueIdentifier>
      <Extensions>cpp;c;cc;cxx;def;odl;idl;hpj;bat;asm;asmx</Extensions>
    </Filter>
    <Filter Include="头文件">
      <UniqueIdentifier>{93995380-89BD-4b04-88EB-625FBE52EBFB}</UniqueIdentifier>
      <Extensions>h;hh;hpp;hxx;hm;inl;inc;xsd</Extensions>
    </Filter>
    <Filter Include="资源文件">
      <UniqueIdentifier>{67DA6AB6-F800-4c08-8B7A-83BB121AAD01}</UniqueIdentifier>
      <Extensions>rc;ico;cur;bmp;dlg;rc2;rct;bin;rgs;gif;jpg;jpeg;jpe;resx;tiff;tif;png;wav;mfcribbon-ms</Extensions>
    </Filter>
    <Filter Include="Lib">
      <UniqueIdentifier>{f55d5185-d3a5-4c35-a093-021c36c4ce57}</UniqueIdentifier>
    </Filter>
  </ItemGroup>
  <ItemGroup>
    <Text Include="ReadMe.txt" />
  </ItemGroup>
  <ItemGroup>
    <ClInclude Include="MyProject.h">
      <Filter>头文件</Filter>
    </ClInclude>
    <ClInclude Include="MyProjectDlg.h">
      <Filter>头文件</Filter>
    </ClInclude>
    <ClInclude Include="stdafx.h">
      <Filter>头文件</Filter>
    </ClInclude>
    <ClInclude Include="targetver.h">
      <Filter>头文件</Filter>
    </ClInclude>
    <ClInclude Include="Resource.h">
      <Filter>头文件</Filter>
    </ClInclude>
    <ClInclude Include="..\lib\CApi.h">
      <Filter>Lib</Filter>
    </ClInclude>
    <ClInclude Include="..\lib\ComSerial.h">
      <Filter>Lib</Filter>
    </ClInclude>
    <ClInclude Include="..\lib\config.h">
      <Filter>Lib</Filter>
    </ClInclude>
    <ClInclude Include="..\lib\MFCApi.h">
      <Filter>Lib</Filter>
    </ClInclude>
    <ClInclude Include="..\lib\PrintMsg.h">
      <Filter>Lib</Filter>
    </ClInclude>
    <ClInclude Include="ComCtrl.h">
      <Filter>头文件</Filter>
    </ClInclude>
    <ClInclude Include="..\lib\AES.h">
      <Filter>Lib</Filter>
    </ClInclude>
    <ClInclude Include="..\lib\usp.h">
      <Filter>头文件</Filter>
    </ClInclude>
    <ClInclude Include="..\lib\mydevice.h">
      <Filter>头文件</Filter>
    </ClInclude>
    <ClInclude Include="DevUpgrade.h">
      <Filter>头文件</Filter>
    </ClInclude>
  </ItemGroup>
  <ItemGroup>
    <ClCompile Include="MyProject.cpp">
      <Filter>源文件</Filter>
    </ClCompile>
    <ClCompile Include="MyProjectDlg.cpp">
      <Filter>源文件</Filter>
    </ClCompile>
    <ClCompile Include="stdafx.cpp">
      <Filter>源文件</Filter>
    </ClCompile>
    <ClCompile Include="..\lib\CApi.cpp">
      <Filter>Lib</Filter>
    </ClCompile>
    <ClCompile Include="..\lib\ComSerial.cpp">
      <Filter>Lib</Filter>
    </ClCompile>
    <ClCompile Include="..\lib\MFCApi.cpp">
      <Filter>Lib</Filter>
    </ClCompile>
    <ClCompile Include="..\lib\PrintMsg.cpp">
      <Filter>Lib</Filter>
    </ClCompile>
    <ClCompile Include="ComCtrl.cpp">
      <Filter>源文件</Filter>
    </ClCompile>
    <ClCompile Include="..\lib\AES.cpp">
      <Filter>Lib</Filter>
    </ClCompile>
    <ClCompile Include="..\lib\usp.cpp">
      <Filter>Lib</Filter>
    </ClCompile>
    <ClCompile Include="..\lib\mydevice.cpp">
      <Filter>Lib</Filter>
    </ClCompile>
    <ClCompile Include="DevUpgrade.cpp">
      <Filter>源文件</Filter>
    </ClCompile>
  </ItemGroup>
  <ItemGroup>
    <ResourceCompile Include="MyProject.rc">
      <Filter>资源文件</Filter>
    </ResourceCompile>
  </ItemGroup>
  <ItemGroup>
    <None Include="res\MyProject.rc2">
      <Filter>资源文件</Filter>
    </None>
  </ItemGroup>
  <ItemGroup>
    <Image Include="res\MyProject.ico">
      <Filter>资源文件</Filter>
    </Image>
  </ItemGroup>
</Project>